// !$*UTF8*$!
{
	archiveVersion = 1;
	classes = {
	};
	objectVersion = 46;
	objects = {

/* Begin PBXBuildFile section */
		832F8C321D15AF3A00AF1732 /* AppDelegate.swift in Sources */ = {isa = PBXBuildFile; fileRef = 832F8C311D15AF3A00AF1732 /* AppDelegate.swift */; };
		832F8C341D15AF3A00AF1732 /* ViewController.swift in Sources */ = {isa = PBXBuildFile; fileRef = 832F8C331D15AF3A00AF1732 /* ViewController.swift */; };
		832F8C371D15AF3A00AF1732 /* Main.storyboard in Resources */ = {isa = PBXBuildFile; fileRef = 832F8C351D15AF3A00AF1732 /* Main.storyboard */; };
		832F8C391D15AF3A00AF1732 /* Assets.xcassets in Resources */ = {isa = PBXBuildFile; fileRef = 832F8C381D15AF3A00AF1732 /* Assets.xcassets */; };
		832F8C3C1D15AF3A00AF1732 /* LaunchScreen.storyboard in Resources */ = {isa = PBXBuildFile; fileRef = 832F8C3A1D15AF3A00AF1732 /* LaunchScreen.storyboard */; };
		832F8C491D15B13200AF1732 /* settings.png in Resources */ = {isa = PBXBuildFile; fileRef = 832F8C441D15B13200AF1732 /* settings.png */; };
		832F8C4A1D15B13200AF1732 /* help.png in Resources */ = {isa = PBXBuildFile; fileRef = 832F8C451D15B13200AF1732 /* help.png */; };
		832F8C4B1D15B13200AF1732 /* microphone.png in Resources */ = {isa = PBXBuildFile; fileRef = 832F8C461D15B13200AF1732 /* microphone.png */; };
		832F8C4C1D15B13200AF1732 /* upload_to_cloud.png in Resources */ = {isa = PBXBuildFile; fileRef = 832F8C471D15B13200AF1732 /* upload_to_cloud.png */; };
		832F8C4D1D15B13200AF1732 /* bulleted_list.png in Resources */ = {isa = PBXBuildFile; fileRef = 832F8C481D15B13200AF1732 /* bulleted_list.png */; };
/* End PBXBuildFile section */

/* Begin PBXFileReference section */
		832F8C2E1D15AF3A00AF1732 /* Dynamic Courseware.app */ = {isa = PBXFileReference; explicitFileType = wrapper.application; includeInIndex = 0; path = "Dynamic Courseware.app"; sourceTree = BUILT_PRODUCTS_DIR; };
		832F8C311D15AF3A00AF1732 /* AppDelegate.swift */ = {isa = PBXFileReference; lastKnownFileType = sourcecode.swift; path = AppDelegate.swift; sourceTree = "<group>"; };
		832F8C331D15AF3A00AF1732 /* ViewController.swift */ = {isa = PBXFileReference; lastKnownFileType = sourcecode.swift; path = ViewController.swift; sourceTree = "<group>"; };
		832F8C361D15AF3A00AF1732 /* Base */ = {isa = PBXFileReference; lastKnownFileType = file.storyboard; name = Base; path = Base.lproj/Main.storyboard; sourceTree = "<group>"; };
		832F8C381D15AF3A00AF1732 /* Assets.xcassets */ = {isa = PBXFileReference; lastKnownFileType = folder.assetcatalog; path = Assets.xcassets; sourceTree = "<group>"; };
		832F8C3B1D15AF3A00AF1732 /* Base */ = {isa = PBXFileReference; lastKnownFileType = file.storyboard; name = Base; path = Base.lproj/LaunchScreen.storyboard; sourceTree = "<group>"; };
		832F8C3D1D15AF3A00AF1732 /* Info.plist */ = {isa = PBXFileReference; lastKnownFileType = text.plist.xml; path = Info.plist; sourceTree = "<group>"; };
		832F8C441D15B13200AF1732 /* settings.png */ = {isa = PBXFileReference; lastKnownFileType = image.png; path = settings.png; sourceTree = "<group>"; };
		832F8C451D15B13200AF1732 /* help.png */ = {isa = PBXFileReference; lastKnownFileType = image.png; path = help.png; sourceTree = "<group>"; };
		832F8C461D15B13200AF1732 /* microphone.png */ = {isa = PBXFileReference; lastKnownFileType = image.png; path = microphone.png; sourceTree = "<group>"; };
		832F8C471D15B13200AF1732 /* upload_to_cloud.png */ = {isa = PBXFileReference; lastKnownFileType = image.png; path = upload_to_cloud.png; sourceTree = "<group>"; };
		832F8C481D15B13200AF1732 /* bulleted_list.png */ = {isa = PBXFileReference; lastKnownFileType = image.png; path = bulleted_list.png; sourceTree = "<group>"; };
/* End PBXFileReference section */

/* Begin PBXFrameworksBuildPhase section */
		832F8C2B1D15AF3A00AF1732 /* Frameworks */ = {
			isa = PBXFrameworksBuildPhase;
			buildActionMask = 2147483647;
			files = (
			);
			runOnlyForDeploymentPostprocessing = 0;
		};
/* End PBXFrameworksBuildPhase section */

/* Begin PBXGroup section */
		832F8C251D15AF3A00AF1732 = {
			isa = PBXGroup;
			children = (
				832F8C301D15AF3A00AF1732 /* Dynamic Courseware */,
				832F8C2F1D15AF3A00AF1732 /* Products */,
			);
			sourceTree = "<group>";
		};
		832F8C2F1D15AF3A00AF1732 /* Products */ = {
			isa = PBXGroup;
			children = (
				832F8C2E1D15AF3A00AF1732 /* Dynamic Courseware.app */,
			);
			name = Products;
			sourceTree = "<group>";
		};
		832F8C301D15AF3A00AF1732 /* Dynamic Courseware */ = {
			isa = PBXGroup;
			children = (
				832F8C431D15B0F700AF1732 /* Main Page Icons */,
				832F8C311D15AF3A00AF1732 /* AppDelegate.swift */,
				832F8C331D15AF3A00AF1732 /* ViewController.swift */,
				832F8C351D15AF3A00AF1732 /* Main.storyboard */,
				832F8C381D15AF3A00AF1732 /* Assets.xcassets */,
				832F8C3A1D15AF3A00AF1732 /* LaunchScreen.storyboard */,
				832F8C3D1D15AF3A00AF1732 /* Info.plist */,
			);
			path = "Dynamic Courseware";
			sourceTree = "<group>";
		};
		832F8C431D15B0F700AF1732 /* Main Page Icons */ = {
			isa = PBXGroup;
			children = (
				832F8C441D15B13200AF1732 /* settings.png */,
				832F8C451D15B13200AF1732 /* help.png */,
				832F8C461D15B13200AF1732 /* microphone.png */,
				832F8C471D15B13200AF1732 /* upload_to_cloud.png */,
				832F8C481D15B13200AF1732 /* bulleted_list.png */,
			);
			name = "Main Page Icons";
			sourceTree = "<group>";
		};
/* End PBXGroup section */

/* Begin PBXNativeTarget section */
		832F8C2D1D15AF3A00AF1732 /* Dynamic Courseware */ = {
			isa = PBXNativeTarget;
			buildConfigurationList = 832F8C401D15AF3A00AF1732 /* Build configuration list for PBXNativeTarget "Dynamic Courseware" */;
			buildPhases = (
				832F8C2A1D15AF3A00AF1732 /* Sources */,
				832F8C2B1D15AF3A00AF1732 /* Frameworks */,
				832F8C2C1D15AF3A00AF1732 /* Resources */,
			);
			buildRules = (
			);
			dependencies = (
			);
			name = "Dynamic Courseware";
			productName = "Dynamic Courseware";
			productReference = 832F8C2E1D15AF3A00AF1732 /* Dynamic Courseware.app */;
			productType = "com.apple.product-type.application";
		};
/* End PBXNativeTarget section */

/* Begin PBXProject section */
		832F8C261D15AF3A00AF1732 /* Project object */ = {
			isa = PBXProject;
			attributes = {
				LastSwiftUpdateCheck = 0730;
				LastUpgradeCheck = 0730;
				ORGANIZATIONNAME = Gates;
				TargetAttributes = {
					832F8C2D1D15AF3A00AF1732 = {
						CreatedOnToolsVersion = 7.3.1;
					};
				};
			};
			buildConfigurationList = 832F8C291D15AF3A00AF1732 /* Build configuration list for PBXProject "Dynamic Courseware" */;
			compatibilityVersion = "Xcode 3.2";
			developmentRegion = English;
			hasScannedForEncodings = 0;
			knownRegions = (
				en,
				Base,
			);
			mainGroup = 832F8C251D15AF3A00AF1732;
			productRefGroup = 832F8C2F1D15AF3A00AF1732 /* Products */;
			projectDirPath = "";
			projectRoot = "";
			targets = (
				832F8C2D1D15AF3A00AF1732 /* Dynamic Courseware */,
			);
		};
/* End PBXProject section */

/* Begin PBXResourcesBuildPhase section */
		832F8C2C1D15AF3A00AF1732 /* Resources */ = {
			isa = PBXResourcesBuildPhase;
			buildActionMask = 2147483647;
			files = (
				832F8C4D1D15B13200AF1732 /* bulleted_list.png in Resources */,
				832F8C491D15B13200AF1732 /* settings.png in Resources */,
				832F8C4A1D15B13200AF1732 /* help.png in Resources */,
				832F8C3C1D15AF3A00AF1732 /* LaunchScreen.storyboard in Resources */,
				832F8C4C1D15B13200AF1732 /* upload_to_cloud.png in Resources */,
				832F8C4B1D15B13200AF1732 /* microphone.png in Resources */,
				832F8C391D15AF3A00AF1732 /* Assets.xcassets in Resources */,
				832F8C371D15AF3A00AF1732 /* Main.storyboard in Resources */,
			);
			runOnlyForDeploymentPostprocessing = 0;
		};
/* End PBXResourcesBuildPhase section */

/* Begin PBXSourcesBuildPhase section */
		832F8C2A1D15AF3A00AF1732 /* Sources */ = {
			isa = PBXSourcesBuildPhase;
			buildActionMask = 2147483647;
			files = (
				832F8C341D15AF3A00AF1732 /* ViewController.swift in Sources */,
				832F8C321D15AF3A00AF1732 /* AppDelegate.swift in Sources */,
			);
			runOnlyForDeploymentPostprocessing = 0;
		};
/* End PBXSourcesBuildPhase section */

/* Begin PBXVariantGroup section */
		832F8C351D15AF3A00AF1732 /* Main.storyboard */ = {
			isa = PBXVariantGroup;
			children = (
				832F8C361D15AF3A00AF1732 /* Base */,
			);
			name = Main.storyboard;
			sourceTree = "<group>";
		};
		832F8C3A1D15AF3A00AF1732 /* LaunchScreen.storyboard */ = {
			isa = PBXVariantGroup;
			children = (
				832F8C3B1D15AF3A00AF1732 /* Base */,
			);
			name = LaunchScreen.storyboard;
			sourceTree = "<group>";
		};
/* End PBXVariantGroup section */

/* Begin XCBuildConfiguration section */
		832F8C3E1D15AF3A00AF1732 /* Debug */ = {
			isa = XCBuildConfiguration;
			buildSettings = {
				ALWAYS_SEARCH_USER_PATHS = NO;
				CLANG_ANALYZER_NONNULL = YES;
				CLANG_CXX_LANGUAGE_STANDARD = "gnu++0x";
				CLANG_CXX_LIBRARY = "libc++";
				CLANG_ENABLE_MODULES = YES;
				CLANG_ENABLE_OBJC_ARC = YES;
				CLANG_WARN_BOOL_CONVERSION = YES;
				CLANG_WARN_CONSTANT_CONVERSION = YES;
				CLANG_WARN_DIRECT_OBJC_ISA_USAGE = YES_ERROR;
				CLANG_WARN_EMPTY_BODY = YES;
				CLANG_WARN_ENUM_CONVERSION = YES;
				CLANG_WARN_INT_CONVERSION = YES;
				CLANG_WARN_OBJC_ROOT_CLASS = YES_ERROR;
				CLANG_WARN_UNREACHABLE_CODE = YES;
				CLANG_WARN__DUPLICATE_METHOD_MATCH = YES;
				"CODE_SIGN_IDENTITY[sdk=iphoneos*]" = "iPhone Developer";
				COPY_PHASE_STRIP = NO;
				DEBUG_INFORMATION_FORMAT = dwarf;
				ENABLE_STRICT_OBJC_MSGSEND = YES;
				ENABLE_TESTABILITY = YES;
				GCC_C_LANGUAGE_STANDARD = gnu99;
				GCC_DYNAMIC_NO_PIC = NO;
				GCC_NO_COMMON_BLOCKS = YES;
				GCC_OPTIMIZATION_LEVEL = 0;
				GCC_PREPROCESSOR_DEFINITIONS = (
					"DEBUG=1",
					"$(inherited)",
				);
				GCC_WARN_64_TO_32_BIT_CONVERSION = YES;
				GCC_WARN_ABOUT_RETURN_TYPE = YES_ERROR;
				GCC_WARN_UNDECLARED_SELECTOR = YES;
				GCC_WARN_UNINITIALIZED_AUTOS = YES_AGGRESSIVE;
				GCC_WARN_UNUSED_FUNCTION = YES;
				GCC_WARN_UNUSED_VARIABLE = YES;
				IPHONEOS_DEPLOYMENT_TARGET = 9.3;
				MTL_ENABLE_DEBUG_INFO = YES;
				ONLY_ACTIVE_ARCH = YES;
				SDKROOT = iphoneos;
				SWIFT_OPTIMIZATION_LEVEL = "-Onone";
			};
			name = Debug;
		};
		832F8C3F1D15AF3A00AF1732 /* Release */ = {
			isa = XCBuildConfiguration;
			buildSettings = {
				ALWAYS_SEARCH_USER_PATHS = NO;
				CLANG_ANALYZER_NONNULL = YES;
				CLANG_CXX_LANGUAGE_STANDARD = "gnu++0x";
				CLANG_CXX_LIBRARY = "libc++";
				CLANG_ENABLE_MODULES = YES;
				CLANG_ENABLE_OBJC_ARC = YES;
				CLANG_WARN_BOOL_CONVERSION = YES;
				CLANG_WARN_CONSTANT_CONVERSION = YES;
				CLANG_WARN_DIRECT_OBJC_ISA_USAGE = YES_ERROR;
				CLANG_WARN_EMPTY_BODY = YES;
				CLANG_WARN_ENUM_CONVERSION = YES;
				CLANG_WARN_INT_CONVERSION = YES;
				CLANG_WARN_OBJC_ROOT_CLASS = YES_ERROR;
				CLANG_WARN_UNREACHABLE_CODE = YES;
				CLANG_WARN__DUPLICATE_METHOD_MATCH = YES;
				"CODE_SIGN_IDENTITY[sdk=iphoneos*]" = "iPhone Developer";
				COPY_PHASE_STRIP = NO;
				DEBUG_INFORMATION_FORMAT = "dwarf-with-dsym";
				ENABLE_NS_ASSERTIONS = NO;
				ENABLE_STRICT_OBJC_MSGSEND = YES;
				GCC_C_LANGUAGE_STANDARD = gnu99;
				GCC_NO_COMMON_BLOCKS = YES;
				GCC_WARN_64_TO_32_BIT_CONVERSION = YES;
				GCC_WARN_ABOUT_RETURN_TYPE = YES_ERROR;
				GCC_WARN_UNDECLARED_SELECTOR = YES;
				GCC_WARN_UNINITIALIZED_AUTOS = YES_AGGRESSIVE;
				GCC_WARN_UNUSED_FUNCTION = YES;
				GCC_WARN_UNUSED_VARIABLE = YES;
				IPHONEOS_DEPLOYMENT_TARGET = 9.3;
				MTL_ENABLE_DEBUG_INFO = NO;
				SDKROOT = iphoneos;
				VALIDATE_PRODUCT = YES;
			};
			name = Release;
		};
		832F8C411D15AF3A00AF1732 /* Debug */ = {
			isa = XCBuildConfiguration;
			buildSettings = {
				ASSETCATALOG_COMPILER_APPICON_NAME = AppIcon;
				INFOPLIST_FILE = "Dynamic Courseware/Info.plist";
				LD_RUNPATH_SEARCH_PATHS = "$(inherited) @executable_path/Frameworks";
				PRODUCT_BUNDLE_IDENTIFIER = "tech.geczy.AngelHack.Dynamic-Courseware";
				PRODUCT_NAME = "$(TARGET_NAME)";
			};
			name = Debug;
		};
		832F8C421D15AF3A00AF1732 /* Release */ = {
			isa = XCBuildConfiguration;
			buildSettings = {
				ASSETCATALOG_COMPILER_APPICON_NAME = AppIcon;
				INFOPLIST_FILE = "Dynamic Courseware/Info.plist";
				LD_RUNPATH_SEARCH_PATHS = "$(inherited) @executable_path/Frameworks";
				PRODUCT_BUNDLE_IDENTIFIER = "tech.geczy.AngelHack.Dynamic-Courseware";
				PRODUCT_NAME = "$(TARGET_NAME)";
			};
			name = Release;
		};
/* End XCBuildConfiguration section */

/* Begin XCConfigurationList section */
		832F8C291D15AF3A00AF1732 /* Build configuration list for PBXProject "Dynamic Courseware" */ = {
			isa = XCConfigurationList;
			buildConfigurations = (
				832F8C3E1D15AF3A00AF1732 /* Debug */,
				832F8C3F1D15AF3A00AF1732 /* Release */,
			);
			defaultConfigurationIsVisible = 0;
			defaultConfigurationName = Release;
		};
		832F8C401D15AF3A00AF1732 /* Build configuration list for PBXNativeTarget "Dynamic Courseware" */ = {
			isa = XCConfigurationList;
			buildConfigurations = (
				832F8C411D15AF3A00AF1732 /* Debug */,
				832F8C421D15AF3A00AF1732 /* Release */,
			);
			defaultConfigurationIsVisible = 0;
		};
/* End XCConfigurationList section */
	};
	rootObject = 832F8C261D15AF3A00AF1732 /* Project object */;
}
